
Microsoft Visual Studio Solution File, Format Version 12.00
# Visual Studio Version 17
VisualStudioVersion = 17.11.35327.3
MinimumVisualStudioVersion = 10.0.40219.1
Project("{9A19103F-16F7-4668-BE54-9A1E7A4F7556}") = "Tyuiu.GorohovAI.Sprint2.Task0.V28.Lib", "Tyuiu.GorohovAI.Sprint2.Task0.V28.Lib\Tyuiu.GorohovAI.Sprint2.Task0.V28.Lib.csproj", "{C5994BF8-C7D9-4113-8E74-CB8380AEC861}"
EndProject
Project("{9A19103F-16F7-4668-BE54-9A1E7A4F7556}") = "Tyuiu.GorohovAI.Sprint2.Task0.V28", "Tyuiu.GorohovAI.Sprint2.Task0.V28\Tyuiu.GorohovAI.Sprint2.Task0.V28.csproj", "{5A614259-C59B-4A94-A86B-F7AEBBA622B7}"
EndProject
Project("{9A19103F-16F7-4668-BE54-9A1E7A4F7556}") = "Tyuiu.GorohovAI.Sprint2.Task0.V28.Test", "Tyuiu.GorohovAI.Sprint2.Task0.V28.Test\Tyuiu.GorohovAI.Sprint2.Task0.V28.Test.csproj", "{A09396BA-CCAB-4A66-AAA0-9CA0930FF96C}"
EndProject
Project("{FAE04EC0-301F-11D3-BF4B-00C04F79EFBC}") = "Tyuiu.GorohovAI.Sprint2.Task1.V29.Lib", "Tyuiu.GorohovAI.Sprint2.Task1.V29.Lib\Tyuiu.GorohovAI.Sprint2.Task1.V29.Lib.csproj", "{93090A7F-0A94-40F4-9AFC-327E10D3768E}"
EndProject
Project("{FAE04EC0-301F-11D3-BF4B-00C04F79EFBC}") = "Tyuiu.GorohovAI.Sprint2.Task1.V29", "Tyuiu.GorohovAI.Sprint2.Task1.V29\Tyuiu.GorohovAI.Sprint2.Task1.V29.csproj", "{26629735-4138-4484-853D-CFD7073E7FF1}"
EndProject
Project("{FAE04EC0-301F-11D3-BF4B-00C04F79EFBC}") = "Tyuiu.GorohovAI.Sprint2.Task1.V29.Test", "Tyuiu.GorohovAI.Sprint2.Task1.V29.Test\Tyuiu.GorohovAI.Sprint2.Task1.V29.Test.csproj", "{683D7C51-EC95-4C6E-B797-90DE3AF891F6}"
EndProject
Project("{FAE04EC0-301F-11D3-BF4B-00C04F79EFBC}") = "Tyuiu.GorohovAI.Sprint2.Task2.V24.Lib", "Tyuiu.GorohovAI.Sprint2.Task2.V24.Lib\Tyuiu.GorohovAI.Sprint2.Task2.V24.Lib.csproj", "{DFC6564E-8254-4660-839B-9DA0B4850D8F}"
EndProject
Project("{FAE04EC0-301F-11D3-BF4B-00C04F79EFBC}") = "Tyuiu.GorohovAI.Sprint2.Task2.V24", "Tyuiu.GorohovAI.Sprint2.Task2.V24\Tyuiu.GorohovAI.Sprint2.Task2.V24.csproj", "{1451C03A-B136-4B09-A3D6-84A0956B6567}"
EndProject
Project("{FAE04EC0-301F-11D3-BF4B-00C04F79EFBC}") = "Tyuiu.GorohovAI.Sprint2.Task2.V24.Test", "Tyuiu.GorohovAI.Sprint2.Task2.V24.Test\Tyuiu.GorohovAI.Sprint2.Task2.V24.Test.csproj", "{05D6772C-FCC8-43E5-82D6-FC2198F6C8A7}"
EndProject
Global
	GlobalSection(SolutionConfigurationPlatforms) = preSolution
		Debug|Any CPU = Debug|Any CPU
		Release|Any CPU = Release|Any CPU
	EndGlobalSection
	GlobalSection(ProjectConfigurationPlatforms) = postSolution
		{C5994BF8-C7D9-4113-8E74-CB8380AEC861}.Debug|Any CPU.ActiveCfg = Debug|Any CPU
		{C5994BF8-C7D9-4113-8E74-CB8380AEC861}.Debug|Any CPU.Build.0 = Debug|Any CPU
		{C5994BF8-C7D9-4113-8E74-CB8380AEC861}.Release|Any CPU.ActiveCfg = Release|Any CPU
		{C5994BF8-C7D9-4113-8E74-CB8380AEC861}.Release|Any CPU.Build.0 = Release|Any CPU
		{5A614259-C59B-4A94-A86B-F7AEBBA622B7}.Debug|Any CPU.ActiveCfg = Debug|Any CPU
		{5A614259-C59B-4A94-A86B-F7AEBBA622B7}.Debug|Any CPU.Build.0 = Debug|Any CPU
		{5A614259-C59B-4A94-A86B-F7AEBBA622B7}.Release|Any CPU.ActiveCfg = Release|Any CPU
		{5A614259-C59B-4A94-A86B-F7AEBBA622B7}.Release|Any CPU.Build.0 = Release|Any CPU
		{A09396BA-CCAB-4A66-AAA0-9CA0930FF96C}.Debug|Any CPU.ActiveCfg = Debug|Any CPU
		{A09396BA-CCAB-4A66-AAA0-9CA0930FF96C}.Debug|Any CPU.Build.0 = Debug|Any CPU
		{A09396BA-CCAB-4A66-AAA0-9CA0930FF96C}.Release|Any CPU.ActiveCfg = Release|Any CPU
		{A09396BA-CCAB-4A66-AAA0-9CA0930FF96C}.Release|Any CPU.Build.0 = Release|Any CPU
		{93090A7F-0A94-40F4-9AFC-327E10D3768E}.Debug|Any CPU.ActiveCfg = Debug|Any CPU
		{93090A7F-0A94-40F4-9AFC-327E10D3768E}.Debug|Any CPU.Build.0 = Debug|Any CPU
		{93090A7F-0A94-40F4-9AFC-327E10D3768E}.Release|Any CPU.ActiveCfg = Release|Any CPU
		{93090A7F-0A94-40F4-9AFC-327E10D3768E}.Release|Any CPU.Build.0 = Release|Any CPU
		{26629735-4138-4484-853D-CFD7073E7FF1}.Debug|Any CPU.ActiveCfg = Debug|Any CPU
		{26629735-4138-4484-853D-CFD7073E7FF1}.Debug|Any CPU.Build.0 = Debug|Any CPU
		{26629735-4138-4484-853D-CFD7073E7FF1}.Release|Any CPU.ActiveCfg = Release|Any CPU
		{26629735-4138-4484-853D-CFD7073E7FF1}.Release|Any CPU.Build.0 = Release|Any CPU
		{683D7C51-EC95-4C6E-B797-90DE3AF891F6}.Debug|Any CPU.ActiveCfg = Debug|Any CPU
		{683D7C51-EC95-4C6E-B797-90DE3AF891F6}.Debug|Any CPU.Build.0 = Debug|Any CPU
		{683D7C51-EC95-4C6E-B797-90DE3AF891F6}.Release|Any CPU.ActiveCfg = Release|Any CPU
		{683D7C51-EC95-4C6E-B797-90DE3AF891F6}.Release|Any CPU.Build.0 = Release|Any CPU
		{DFC6564E-8254-4660-839B-9DA0B4850D8F}.Debug|Any CPU.ActiveCfg = Debug|Any CPU
		{DFC6564E-8254-4660-839B-9DA0B4850D8F}.Debug|Any CPU.Build.0 = Debug|Any CPU
		{DFC6564E-8254-4660-839B-9DA0B4850D8F}.Release|Any CPU.ActiveCfg = Release|Any CPU
		{DFC6564E-8254-4660-839B-9DA0B4850D8F}.Release|Any CPU.Build.0 = Release|Any CPU
		{1451C03A-B136-4B09-A3D6-84A0956B6567}.Debug|Any CPU.ActiveCfg = Debug|Any CPU
		{1451C03A-B136-4B09-A3D6-84A0956B6567}.Debug|Any CPU.Build.0 = Debug|Any CPU
		{1451C03A-B136-4B09-A3D6-84A0956B6567}.Release|Any CPU.ActiveCfg = Release|Any CPU
		{1451C03A-B136-4B09-A3D6-84A0956B6567}.Release|Any CPU.Build.0 = Release|Any CPU
		{05D6772C-FCC8-43E5-82D6-FC2198F6C8A7}.Debug|Any CPU.ActiveCfg = Debug|Any CPU
		{05D6772C-FCC8-43E5-82D6-FC2198F6C8A7}.Debug|Any CPU.Build.0 = Debug|Any CPU
		{05D6772C-FCC8-43E5-82D6-FC2198F6C8A7}.Release|Any CPU.ActiveCfg = Release|Any CPU
		{05D6772C-FCC8-43E5-82D6-FC2198F6C8A7}.Release|Any CPU.Build.0 = Release|Any CPU
	EndGlobalSection
	GlobalSection(SolutionProperties) = preSolution
		HideSolutionNode = FALSE
	EndGlobalSection
	GlobalSection(ExtensibilityGlobals) = postSolution
		SolutionGuid = {AA8339D6-44E6-4237-9DAC-E4ECD71F8B94}
	EndGlobalSection
EndGlobal
