
Microsoft Visual Studio Solution File, Format Version 12.00
# Visual Studio Version 17
VisualStudioVersion = 17.11.35327.3
MinimumVisualStudioVersion = 10.0.40219.1
Project("{9A19103F-16F7-4668-BE54-9A1E7A4F7556}") = "Tyuiu.GorohovAI.Sprint2.Task0.V28.Lib", "Tyuiu.GorohovAI.Sprint2.Task0.V28.Lib\Tyuiu.GorohovAI.Sprint2.Task0.V28.Lib.csproj", "{C5994BF8-C7D9-4113-8E74-CB8380AEC861}"
EndProject
Project("{9A19103F-16F7-4668-BE54-9A1E7A4F7556}") = "Tyuiu.GorohovAI.Sprint2.Task0.V28", "Tyuiu.GorohovAI.Sprint2.Task0.V28\Tyuiu.GorohovAI.Sprint2.Task0.V28.csproj", "{5A614259-C59B-4A94-A86B-F7AEBBA622B7}"
EndProject
Project("{9A19103F-16F7-4668-BE54-9A1E7A4F7556}") = "Tyuiu.GorohovAI.Sprint2.Task0.V28.Test", "Tyuiu.GorohovAI.Sprint2.Task0.V28.Test\Tyuiu.GorohovAI.Sprint2.Task0.V28.Test.csproj", "{A09396BA-CCAB-4A66-AAA0-9CA0930FF96C}"
EndProject
Project("{FAE04EC0-301F-11D3-BF4B-00C04F79EFBC}") = "Tyuiu.GorohovAI.Sprint2.Task1.V29.Lib", "Tyuiu.GorohovAI.Sprint2.Task1.V29.Lib\Tyuiu.GorohovAI.Sprint2.Task1.V29.Lib.csproj", "{93090A7F-0A94-40F4-9AFC-327E10D3768E}"
EndProject
Project("{FAE04EC0-301F-11D3-BF4B-00C04F79EFBC}") = "Tyuiu.GorohovAI.Sprint2.Task1.V29", "Tyuiu.GorohovAI.Sprint2.Task1.V29\Tyuiu.GorohovAI.Sprint2.Task1.V29.csproj", "{26629735-4138-4484-853D-CFD7073E7FF1}"
EndProject
Project("{FAE04EC0-301F-11D3-BF4B-00C04F79EFBC}") = "Tyuiu.GorohovAI.Sprint2.Task1.V29.Test", "Tyuiu.GorohovAI.Sprint2.Task1.V29.Test\Tyuiu.GorohovAI.Sprint2.Task1.V29.Test.csproj", "{683D7C51-EC95-4C6E-B797-90DE3AF891F6}"
EndProject
Project("{FAE04EC0-301F-11D3-BF4B-00C04F79EFBC}") = "Tyuiu.GorohovAI.Sprint2.Task2.V24.Lib", "Tyuiu.GorohovAI.Sprint2.Task2.V24.Lib\Tyuiu.GorohovAI.Sprint2.Task2.V24.Lib.csproj", "{DFC6564E-8254-4660-839B-9DA0B4850D8F}"
EndProject
Project("{FAE04EC0-301F-11D3-BF4B-00C04F79EFBC}") = "Tyuiu.GorohovAI.Sprint2.Task2.V24", "Tyuiu.GorohovAI.Sprint2.Task2.V24\Tyuiu.GorohovAI.Sprint2.Task2.V24.csproj", "{1451C03A-B136-4B09-A3D6-84A0956B6567}"
EndProject
Project("{FAE04EC0-301F-11D3-BF4B-00C04F79EFBC}") = "Tyuiu.GorohovAI.Sprint2.Task2.V24.Test", "Tyuiu.GorohovAI.Sprint2.Task2.V24.Test\Tyuiu.GorohovAI.Sprint2.Task2.V24.Test.csproj", "{05D6772C-FCC8-43E5-82D6-FC2198F6C8A7}"
EndProject
Project("{FAE04EC0-301F-11D3-BF4B-00C04F79EFBC}") = "Tyuiu.GorohovAI.Sprint2.Task3.V8.Lib", "Tyuiu.GorohovAI.Sprint2.Task3.V8.Lib\Tyuiu.GorohovAI.Sprint2.Task3.V8.Lib.csproj", "{25849E96-4FFF-4F82-92CA-B60105DB784F}"
EndProject
Project("{FAE04EC0-301F-11D3-BF4B-00C04F79EFBC}") = "Tyuiu.GorohovAI.Sprint2.Task3.V8", "Tyuiu.GorohovAI.Sprint2.Task3.V8\Tyuiu.GorohovAI.Sprint2.Task3.V8.csproj", "{789F399F-A320-4DA0-A9C5-1A4080F544C3}"
EndProject
Project("{FAE04EC0-301F-11D3-BF4B-00C04F79EFBC}") = "Tyuiu.GorohovAI.Sprint2.Task3.V8.Test", "Tyuiu.GorohovAI.Sprint2.Task3.V8.Test\Tyuiu.GorohovAI.Sprint2.Task3.V8.Test.csproj", "{42930A0C-E0E3-4CE7-B048-203B55E7DA5D}"
EndProject
Project("{FAE04EC0-301F-11D3-BF4B-00C04F79EFBC}") = "Tyuiu.GorohovAI.Sprint2.Task4.V8.Lib", "Tyuiu.GorohovAI.Sprint2.Task4.V8.Lib\Tyuiu.GorohovAI.Sprint2.Task4.V8.Lib.csproj", "{9C3CDD0C-DE1A-4E06-874A-81678BA3260D}"
EndProject
Project("{FAE04EC0-301F-11D3-BF4B-00C04F79EFBC}") = "Tyuiu.GorohovAI.Sprint2.Task4.V8", "Tyuiu.GorohovAI.Sprint2.Task4.V8\Tyuiu.GorohovAI.Sprint2.Task4.V8.csproj", "{FAFC8E84-EB28-440C-A8A8-F90F3251F14C}"
EndProject
Project("{FAE04EC0-301F-11D3-BF4B-00C04F79EFBC}") = "Tyuiu.GorohovAI.Sprint2.Task4.V8.Test", "Tyuiu.GorohovAI.Sprint2.Task4.V8.Test\Tyuiu.GorohovAI.Sprint2.Task4.V8.Test.csproj", "{DEC36924-7C1E-4A50-8187-44F7D76F25FA}"
EndProject
Project("{FAE04EC0-301F-11D3-BF4B-00C04F79EFBC}") = "Tyuiu.GorohovAI.Sprint2.Task5.V3.Lib", "Tyuiu.GorohovAI.Sprint2.Task5.V3.Lib\Tyuiu.GorohovAI.Sprint2.Task5.V3.Lib.csproj", "{758F4FA7-1198-400B-895A-7241EC2A5616}"
EndProject
Project("{FAE04EC0-301F-11D3-BF4B-00C04F79EFBC}") = "Tyuiu.GorohovAI.Sprint2.Task5.V3", "Tyuiu.GorohovAI.Sprint2.Task5.V3\Tyuiu.GorohovAI.Sprint2.Task5.V3.csproj", "{8C1BEEA6-DF8F-48D9-B051-D060871DF40F}"
EndProject
Project("{FAE04EC0-301F-11D3-BF4B-00C04F79EFBC}") = "Tyuiu.GorohovAI.Sprint2.Task5.V3.Test", "Tyuiu.GorohovAI.Sprint2.Task5.V3.Test\Tyuiu.GorohovAI.Sprint2.Task5.V3.Test.csproj", "{0A0493D4-E3B4-4545-B437-C95DD62A86F3}"
EndProject
Project("{FAE04EC0-301F-11D3-BF4B-00C04F79EFBC}") = "Tyuiu.GorohovAI.Sprint2.Task6.V1.Lib", "Tyuiu.GorohovAI.Sprint2.Task6.V1.Lib\Tyuiu.GorohovAI.Sprint2.Task6.V1.Lib.csproj", "{44229BCA-2909-493E-B54F-158BA56CAFB5}"
EndProject
Project("{FAE04EC0-301F-11D3-BF4B-00C04F79EFBC}") = "Tyuiu.GorohovAI.Sprint2.Task6.V1", "Tyuiu.GorohovAI.Sprint2.Task6.V1\Tyuiu.GorohovAI.Sprint2.Task6.V1.csproj", "{ED3060B1-2451-4412-8A49-A42AA279663E}"
EndProject
Project("{FAE04EC0-301F-11D3-BF4B-00C04F79EFBC}") = "Tyuiu.GorohovAI.Sprint2.Task6.V1.Test", "Tyuiu.GorohovAI.Sprint2.Task6.V1.Test\Tyuiu.GorohovAI.Sprint2.Task6.V1.Test.csproj", "{53E5A8CA-94BD-489A-906E-9F461BF4A1DB}"
EndProject
Global
	GlobalSection(SolutionConfigurationPlatforms) = preSolution
		Debug|Any CPU = Debug|Any CPU
		Release|Any CPU = Release|Any CPU
	EndGlobalSection
	GlobalSection(ProjectConfigurationPlatforms) = postSolution
		{C5994BF8-C7D9-4113-8E74-CB8380AEC861}.Debug|Any CPU.ActiveCfg = Debug|Any CPU
		{C5994BF8-C7D9-4113-8E74-CB8380AEC861}.Debug|Any CPU.Build.0 = Debug|Any CPU
		{C5994BF8-C7D9-4113-8E74-CB8380AEC861}.Release|Any CPU.ActiveCfg = Release|Any CPU
		{C5994BF8-C7D9-4113-8E74-CB8380AEC861}.Release|Any CPU.Build.0 = Release|Any CPU
		{5A614259-C59B-4A94-A86B-F7AEBBA622B7}.Debug|Any CPU.ActiveCfg = Debug|Any CPU
		{5A614259-C59B-4A94-A86B-F7AEBBA622B7}.Debug|Any CPU.Build.0 = Debug|Any CPU
		{5A614259-C59B-4A94-A86B-F7AEBBA622B7}.Release|Any CPU.ActiveCfg = Release|Any CPU
		{5A614259-C59B-4A94-A86B-F7AEBBA622B7}.Release|Any CPU.Build.0 = Release|Any CPU
		{A09396BA-CCAB-4A66-AAA0-9CA0930FF96C}.Debug|Any CPU.ActiveCfg = Debug|Any CPU
		{A09396BA-CCAB-4A66-AAA0-9CA0930FF96C}.Debug|Any CPU.Build.0 = Debug|Any CPU
		{A09396BA-CCAB-4A66-AAA0-9CA0930FF96C}.Release|Any CPU.ActiveCfg = Release|Any CPU
		{A09396BA-CCAB-4A66-AAA0-9CA0930FF96C}.Release|Any CPU.Build.0 = Release|Any CPU
		{93090A7F-0A94-40F4-9AFC-327E10D3768E}.Debug|Any CPU.ActiveCfg = Debug|Any CPU
		{93090A7F-0A94-40F4-9AFC-327E10D3768E}.Debug|Any CPU.Build.0 = Debug|Any CPU
		{93090A7F-0A94-40F4-9AFC-327E10D3768E}.Release|Any CPU.ActiveCfg = Release|Any CPU
		{93090A7F-0A94-40F4-9AFC-327E10D3768E}.Release|Any CPU.Build.0 = Release|Any CPU
		{26629735-4138-4484-853D-CFD7073E7FF1}.Debug|Any CPU.ActiveCfg = Debug|Any CPU
		{26629735-4138-4484-853D-CFD7073E7FF1}.Debug|Any CPU.Build.0 = Debug|Any CPU
		{26629735-4138-4484-853D-CFD7073E7FF1}.Release|Any CPU.ActiveCfg = Release|Any CPU
		{26629735-4138-4484-853D-CFD7073E7FF1}.Release|Any CPU.Build.0 = Release|Any CPU
		{683D7C51-EC95-4C6E-B797-90DE3AF891F6}.Debug|Any CPU.ActiveCfg = Debug|Any CPU
		{683D7C51-EC95-4C6E-B797-90DE3AF891F6}.Debug|Any CPU.Build.0 = Debug|Any CPU
		{683D7C51-EC95-4C6E-B797-90DE3AF891F6}.Release|Any CPU.ActiveCfg = Release|Any CPU
		{683D7C51-EC95-4C6E-B797-90DE3AF891F6}.Release|Any CPU.Build.0 = Release|Any CPU
		{DFC6564E-8254-4660-839B-9DA0B4850D8F}.Debug|Any CPU.ActiveCfg = Debug|Any CPU
		{DFC6564E-8254-4660-839B-9DA0B4850D8F}.Debug|Any CPU.Build.0 = Debug|Any CPU
		{DFC6564E-8254-4660-839B-9DA0B4850D8F}.Release|Any CPU.ActiveCfg = Release|Any CPU
		{DFC6564E-8254-4660-839B-9DA0B4850D8F}.Release|Any CPU.Build.0 = Release|Any CPU
		{1451C03A-B136-4B09-A3D6-84A0956B6567}.Debug|Any CPU.ActiveCfg = Debug|Any CPU
		{1451C03A-B136-4B09-A3D6-84A0956B6567}.Debug|Any CPU.Build.0 = Debug|Any CPU
		{1451C03A-B136-4B09-A3D6-84A0956B6567}.Release|Any CPU.ActiveCfg = Release|Any CPU
		{1451C03A-B136-4B09-A3D6-84A0956B6567}.Release|Any CPU.Build.0 = Release|Any CPU
		{05D6772C-FCC8-43E5-82D6-FC2198F6C8A7}.Debug|Any CPU.ActiveCfg = Debug|Any CPU
		{05D6772C-FCC8-43E5-82D6-FC2198F6C8A7}.Debug|Any CPU.Build.0 = Debug|Any CPU
		{05D6772C-FCC8-43E5-82D6-FC2198F6C8A7}.Release|Any CPU.ActiveCfg = Release|Any CPU
		{05D6772C-FCC8-43E5-82D6-FC2198F6C8A7}.Release|Any CPU.Build.0 = Release|Any CPU
		{25849E96-4FFF-4F82-92CA-B60105DB784F}.Debug|Any CPU.ActiveCfg = Debug|Any CPU
		{25849E96-4FFF-4F82-92CA-B60105DB784F}.Debug|Any CPU.Build.0 = Debug|Any CPU
		{25849E96-4FFF-4F82-92CA-B60105DB784F}.Release|Any CPU.ActiveCfg = Release|Any CPU
		{25849E96-4FFF-4F82-92CA-B60105DB784F}.Release|Any CPU.Build.0 = Release|Any CPU
		{789F399F-A320-4DA0-A9C5-1A4080F544C3}.Debug|Any CPU.ActiveCfg = Debug|Any CPU
		{789F399F-A320-4DA0-A9C5-1A4080F544C3}.Debug|Any CPU.Build.0 = Debug|Any CPU
		{789F399F-A320-4DA0-A9C5-1A4080F544C3}.Release|Any CPU.ActiveCfg = Release|Any CPU
		{789F399F-A320-4DA0-A9C5-1A4080F544C3}.Release|Any CPU.Build.0 = Release|Any CPU
		{42930A0C-E0E3-4CE7-B048-203B55E7DA5D}.Debug|Any CPU.ActiveCfg = Debug|Any CPU
		{42930A0C-E0E3-4CE7-B048-203B55E7DA5D}.Debug|Any CPU.Build.0 = Debug|Any CPU
		{42930A0C-E0E3-4CE7-B048-203B55E7DA5D}.Release|Any CPU.ActiveCfg = Release|Any CPU
		{42930A0C-E0E3-4CE7-B048-203B55E7DA5D}.Release|Any CPU.Build.0 = Release|Any CPU
		{9C3CDD0C-DE1A-4E06-874A-81678BA3260D}.Debug|Any CPU.ActiveCfg = Debug|Any CPU
		{9C3CDD0C-DE1A-4E06-874A-81678BA3260D}.Debug|Any CPU.Build.0 = Debug|Any CPU
		{9C3CDD0C-DE1A-4E06-874A-81678BA3260D}.Release|Any CPU.ActiveCfg = Release|Any CPU
		{9C3CDD0C-DE1A-4E06-874A-81678BA3260D}.Release|Any CPU.Build.0 = Release|Any CPU
		{FAFC8E84-EB28-440C-A8A8-F90F3251F14C}.Debug|Any CPU.ActiveCfg = Debug|Any CPU
		{FAFC8E84-EB28-440C-A8A8-F90F3251F14C}.Debug|Any CPU.Build.0 = Debug|Any CPU
		{FAFC8E84-EB28-440C-A8A8-F90F3251F14C}.Release|Any CPU.ActiveCfg = Release|Any CPU
		{FAFC8E84-EB28-440C-A8A8-F90F3251F14C}.Release|Any CPU.Build.0 = Release|Any CPU
		{DEC36924-7C1E-4A50-8187-44F7D76F25FA}.Debug|Any CPU.ActiveCfg = Debug|Any CPU
		{DEC36924-7C1E-4A50-8187-44F7D76F25FA}.Debug|Any CPU.Build.0 = Debug|Any CPU
		{DEC36924-7C1E-4A50-8187-44F7D76F25FA}.Release|Any CPU.ActiveCfg = Release|Any CPU
		{DEC36924-7C1E-4A50-8187-44F7D76F25FA}.Release|Any CPU.Build.0 = Release|Any CPU
		{758F4FA7-1198-400B-895A-7241EC2A5616}.Debug|Any CPU.ActiveCfg = Debug|Any CPU
		{758F4FA7-1198-400B-895A-7241EC2A5616}.Debug|Any CPU.Build.0 = Debug|Any CPU
		{758F4FA7-1198-400B-895A-7241EC2A5616}.Release|Any CPU.ActiveCfg = Release|Any CPU
		{758F4FA7-1198-400B-895A-7241EC2A5616}.Release|Any CPU.Build.0 = Release|Any CPU
		{8C1BEEA6-DF8F-48D9-B051-D060871DF40F}.Debug|Any CPU.ActiveCfg = Debug|Any CPU
		{8C1BEEA6-DF8F-48D9-B051-D060871DF40F}.Debug|Any CPU.Build.0 = Debug|Any CPU
		{8C1BEEA6-DF8F-48D9-B051-D060871DF40F}.Release|Any CPU.ActiveCfg = Release|Any CPU
		{8C1BEEA6-DF8F-48D9-B051-D060871DF40F}.Release|Any CPU.Build.0 = Release|Any CPU
		{0A0493D4-E3B4-4545-B437-C95DD62A86F3}.Debug|Any CPU.ActiveCfg = Debug|Any CPU
		{0A0493D4-E3B4-4545-B437-C95DD62A86F3}.Debug|Any CPU.Build.0 = Debug|Any CPU
		{0A0493D4-E3B4-4545-B437-C95DD62A86F3}.Release|Any CPU.ActiveCfg = Release|Any CPU
		{0A0493D4-E3B4-4545-B437-C95DD62A86F3}.Release|Any CPU.Build.0 = Release|Any CPU
		{44229BCA-2909-493E-B54F-158BA56CAFB5}.Debug|Any CPU.ActiveCfg = Debug|Any CPU
		{44229BCA-2909-493E-B54F-158BA56CAFB5}.Debug|Any CPU.Build.0 = Debug|Any CPU
		{44229BCA-2909-493E-B54F-158BA56CAFB5}.Release|Any CPU.ActiveCfg = Release|Any CPU
		{44229BCA-2909-493E-B54F-158BA56CAFB5}.Release|Any CPU.Build.0 = Release|Any CPU
		{ED3060B1-2451-4412-8A49-A42AA279663E}.Debug|Any CPU.ActiveCfg = Debug|Any CPU
		{ED3060B1-2451-4412-8A49-A42AA279663E}.Debug|Any CPU.Build.0 = Debug|Any CPU
		{ED3060B1-2451-4412-8A49-A42AA279663E}.Release|Any CPU.ActiveCfg = Release|Any CPU
		{ED3060B1-2451-4412-8A49-A42AA279663E}.Release|Any CPU.Build.0 = Release|Any CPU
		{53E5A8CA-94BD-489A-906E-9F461BF4A1DB}.Debug|Any CPU.ActiveCfg = Debug|Any CPU
		{53E5A8CA-94BD-489A-906E-9F461BF4A1DB}.Debug|Any CPU.Build.0 = Debug|Any CPU
		{53E5A8CA-94BD-489A-906E-9F461BF4A1DB}.Release|Any CPU.ActiveCfg = Release|Any CPU
		{53E5A8CA-94BD-489A-906E-9F461BF4A1DB}.Release|Any CPU.Build.0 = Release|Any CPU
	EndGlobalSection
	GlobalSection(SolutionProperties) = preSolution
		HideSolutionNode = FALSE
	EndGlobalSection
	GlobalSection(ExtensibilityGlobals) = postSolution
		SolutionGuid = {AA8339D6-44E6-4237-9DAC-E4ECD71F8B94}
	EndGlobalSection
EndGlobal
